
Microsoft Visual Studio Solution File, Format Version 12.00
# Visual Studio Version 16
VisualStudioVersion = 16.0.29613.14
MinimumVisualStudioVersion = 10.0.40219.1
Project("{FAE04EC0-301F-11D3-BF4B-00C04F79EFBC}") = "SalesTransaction.Application.WebApi", "SalesTransaction.Application.WebApi\SalesTransaction.Application.WebApi.csproj", "{ED41DF2D-057B-4199-BCF9-13E1D6F21A65}"
EndProject
Project("{FAE04EC0-301F-11D3-BF4B-00C04F79EFBC}") = "SalesTransaction.Application.Web", "SalesTransaction.Application.Web\SalesTransaction.Application.Web.csproj", "{7CCBB71F-4EFC-4967-A527-8916A2EB68F1}"
EndProject
Project("{FAE04EC0-301F-11D3-BF4B-00C04F79EFBC}") = "SalesTransaction.Application.Service", "SalesTransaction.Application.Service\SalesTransaction.Application.Service.csproj", "{D7718337-D42B-47BD-B76B-84942D2B7458}"
EndProject
Project("{FAE04EC0-301F-11D3-BF4B-00C04F79EFBC}") = "SalesTransaction.Application.Model", "SalesTransaction.Application.Model\SalesTransaction.Application.Model.csproj", "{A0584B16-BAF7-409F-96EE-10BCBC083ED0}"
EndProject
Project("{FAE04EC0-301F-11D3-BF4B-00C04F79EFBC}") = "SalesTransaction.Application.DataAccess", "SalesTransaction.Application.DataAccess\SalesTransaction.Application.DataAccess.csproj", "{62E0DB6B-3AD4-4BEF-92E4-4AFD33DC2AE9}"
EndProject
Global
	GlobalSection(SolutionConfigurationPlatforms) = preSolution
		Debug|Any CPU = Debug|Any CPU
		Release|Any CPU = Release|Any CPU
	EndGlobalSection
	GlobalSection(ProjectConfigurationPlatforms) = postSolution
		{ED41DF2D-057B-4199-BCF9-13E1D6F21A65}.Debug|Any CPU.ActiveCfg = Debug|Any CPU
		{ED41DF2D-057B-4199-BCF9-13E1D6F21A65}.Debug|Any CPU.Build.0 = Debug|Any CPU
		{ED41DF2D-057B-4199-BCF9-13E1D6F21A65}.Release|Any CPU.ActiveCfg = Release|Any CPU
		{ED41DF2D-057B-4199-BCF9-13E1D6F21A65}.Release|Any CPU.Build.0 = Release|Any CPU
		{7CCBB71F-4EFC-4967-A527-8916A2EB68F1}.Debug|Any CPU.ActiveCfg = Debug|Any CPU
		{7CCBB71F-4EFC-4967-A527-8916A2EB68F1}.Debug|Any CPU.Build.0 = Debug|Any CPU
		{7CCBB71F-4EFC-4967-A527-8916A2EB68F1}.Release|Any CPU.ActiveCfg = Release|Any CPU
		{7CCBB71F-4EFC-4967-A527-8916A2EB68F1}.Release|Any CPU.Build.0 = Release|Any CPU
		{D7718337-D42B-47BD-B76B-84942D2B7458}.Debug|Any CPU.ActiveCfg = Debug|Any CPU
		{D7718337-D42B-47BD-B76B-84942D2B7458}.Debug|Any CPU.Build.0 = Debug|Any CPU
		{D7718337-D42B-47BD-B76B-84942D2B7458}.Release|Any CPU.ActiveCfg = Release|Any CPU
		{D7718337-D42B-47BD-B76B-84942D2B7458}.Release|Any CPU.Build.0 = Release|Any CPU
		{A0584B16-BAF7-409F-96EE-10BCBC083ED0}.Debug|Any CPU.ActiveCfg = Debug|Any CPU
		{A0584B16-BAF7-409F-96EE-10BCBC083ED0}.Debug|Any CPU.Build.0 = Debug|Any CPU
		{A0584B16-BAF7-409F-96EE-10BCBC083ED0}.Release|Any CPU.ActiveCfg = Release|Any CPU
		{A0584B16-BAF7-409F-96EE-10BCBC083ED0}.Release|Any CPU.Build.0 = Release|Any CPU
		{62E0DB6B-3AD4-4BEF-92E4-4AFD33DC2AE9}.Debug|Any CPU.ActiveCfg = Debug|Any CPU
		{62E0DB6B-3AD4-4BEF-92E4-4AFD33DC2AE9}.Debug|Any CPU.Build.0 = Debug|Any CPU
		{62E0DB6B-3AD4-4BEF-92E4-4AFD33DC2AE9}.Release|Any CPU.ActiveCfg = Release|Any CPU
		{62E0DB6B-3AD4-4BEF-92E4-4AFD33DC2AE9}.Release|Any CPU.Build.0 = Release|Any CPU
	EndGlobalSection
	GlobalSection(SolutionProperties) = preSolution
		HideSolutionNode = FALSE
	EndGlobalSection
	GlobalSection(ExtensibilityGlobals) = postSolution
		SolutionGuid = {D96DC1CD-4A49-4813-9341-B0C6F0F61C91}
	EndGlobalSection
EndGlobal
